
Microsoft Visual Studio Solution File, Format Version 12.00
# Visual Studio Version 16
VisualStudioVersion = 16.0.32428.217
MinimumVisualStudioVersion = 10.0.40219.1
Project("{9A19103F-16F7-4668-BE54-9A1E7A4F7556}") = "StringLearning", "StringLearning\StringLearning.csproj", "{B551CA91-5165-4593-8BFB-8FDF91C913CB}"
EndProject
Project("{2150E333-8FDC-42A3-9474-1A3956D46DE8}") = "STRINGQUIZES", "STRINGQUIZES", "{138621B3-9139-4AEF-9CF6-2D33C40459E6}"
EndProject
Project("{FAE04EC0-301F-11D3-BF4B-00C04F79EFBC}") = "HashSetExample", "HashSetExample\HashSetExample.csproj", "{66CC5620-0A71-4160-8240-C2F790EC699D}"
EndProject
Project("{FAE04EC0-301F-11D3-BF4B-00C04F79EFBC}") = "ListExample", "ListExample\ListExample.csproj", "{6DE457F9-2BC7-4745-A743-42A59A74FC37}"
EndProject
Project("{FAE04EC0-301F-11D3-BF4B-00C04F79EFBC}") = "DictionaryExample", "DictionaryExample\DictionaryExample.csproj", "{412EE3FA-58DE-4A08-B2CB-D893AE8CE08C}"
EndProject
Global
	GlobalSection(SolutionConfigurationPlatforms) = preSolution
		Debug|Any CPU = Debug|Any CPU
		Release|Any CPU = Release|Any CPU
	EndGlobalSection
	GlobalSection(ProjectConfigurationPlatforms) = postSolution
		{B551CA91-5165-4593-8BFB-8FDF91C913CB}.Debug|Any CPU.ActiveCfg = Debug|Any CPU
		{B551CA91-5165-4593-8BFB-8FDF91C913CB}.Debug|Any CPU.Build.0 = Debug|Any CPU
		{B551CA91-5165-4593-8BFB-8FDF91C913CB}.Release|Any CPU.ActiveCfg = Release|Any CPU
		{B551CA91-5165-4593-8BFB-8FDF91C913CB}.Release|Any CPU.Build.0 = Release|Any CPU
		{66CC5620-0A71-4160-8240-C2F790EC699D}.Debug|Any CPU.ActiveCfg = Debug|Any CPU
		{66CC5620-0A71-4160-8240-C2F790EC699D}.Debug|Any CPU.Build.0 = Debug|Any CPU
		{66CC5620-0A71-4160-8240-C2F790EC699D}.Release|Any CPU.ActiveCfg = Release|Any CPU
		{66CC5620-0A71-4160-8240-C2F790EC699D}.Release|Any CPU.Build.0 = Release|Any CPU
		{6DE457F9-2BC7-4745-A743-42A59A74FC37}.Debug|Any CPU.ActiveCfg = Debug|Any CPU
		{6DE457F9-2BC7-4745-A743-42A59A74FC37}.Debug|Any CPU.Build.0 = Debug|Any CPU
		{6DE457F9-2BC7-4745-A743-42A59A74FC37}.Release|Any CPU.ActiveCfg = Release|Any CPU
		{6DE457F9-2BC7-4745-A743-42A59A74FC37}.Release|Any CPU.Build.0 = Release|Any CPU
		{412EE3FA-58DE-4A08-B2CB-D893AE8CE08C}.Debug|Any CPU.ActiveCfg = Debug|Any CPU
		{412EE3FA-58DE-4A08-B2CB-D893AE8CE08C}.Debug|Any CPU.Build.0 = Debug|Any CPU
		{412EE3FA-58DE-4A08-B2CB-D893AE8CE08C}.Release|Any CPU.ActiveCfg = Release|Any CPU
		{412EE3FA-58DE-4A08-B2CB-D893AE8CE08C}.Release|Any CPU.Build.0 = Release|Any CPU
	EndGlobalSection
	GlobalSection(SolutionProperties) = preSolution
		HideSolutionNode = FALSE
	EndGlobalSection
	GlobalSection(ExtensibilityGlobals) = postSolution
		SolutionGuid = {F0F5D45D-23AF-4593-AC28-959B8C1DA165}
	EndGlobalSection
EndGlobal
